
Microsoft Visual Studio Solution File, Format Version 12.00
# Visual Studio Version 17
VisualStudioVersion = 17.0.32014.148
MinimumVisualStudioVersion = 10.0.40219.1
Project("{FAE04EC0-301F-11D3-BF4B-00C04F79EFBC}") = "ExamenDB", "ExamenDB.csproj", "{DB361348-7BAE-49EA-B5B8-5B6E506B14D7}"
EndProject
Global
	GlobalSection(SolutionConfigurationPlatforms) = preSolution
		Debug|Any CPU = Debug|Any CPU
		Release|Any CPU = Release|Any CPU
	EndGlobalSection
	GlobalSection(ProjectConfigurationPlatforms) = postSolution
		{DB361348-7BAE-49EA-B5B8-5B6E506B14D7}.Debug|Any CPU.ActiveCfg = Debug|Any CPU
		{DB361348-7BAE-49EA-B5B8-5B6E506B14D7}.Debug|Any CPU.Build.0 = Debug|Any CPU
		{DB361348-7BAE-49EA-B5B8-5B6E506B14D7}.Release|Any CPU.ActiveCfg = Release|Any CPU
		{DB361348-7BAE-49EA-B5B8-5B6E506B14D7}.Release|Any CPU.Build.0 = Release|Any CPU
	EndGlobalSection
	GlobalSection(SolutionProperties) = preSolution
		HideSolutionNode = FALSE
	EndGlobalSection
	GlobalSection(ExtensibilityGlobals) = postSolution
		SolutionGuid = {107D0350-2F40-4324-83B9-49F712983119}
	EndGlobalSection
EndGlobal
